
Microsoft Visual Studio Solution File, Format Version 12.00
# Visual Studio Version 17
VisualStudioVersion = 17.9.34622.214
MinimumVisualStudioVersion = 10.0.40219.1
Project("{FAE04EC0-301F-11D3-BF4B-00C04F79EFBC}") = "StavKlassTgBot", "StavKlassTgBot\StavKlassTgBot.csproj", "{78F25FB9-36C8-4A5C-878C-BAF03451A09E}"
EndProject
Global
	GlobalSection(SolutionConfigurationPlatforms) = preSolution
		Debug|Any CPU = Debug|Any CPU
		Release|Any CPU = Release|Any CPU
	EndGlobalSection
	GlobalSection(ProjectConfigurationPlatforms) = postSolution
		{78F25FB9-36C8-4A5C-878C-BAF03451A09E}.Debug|Any CPU.ActiveCfg = Debug|Any CPU
		{78F25FB9-36C8-4A5C-878C-BAF03451A09E}.Debug|Any CPU.Build.0 = Debug|Any CPU
		{78F25FB9-36C8-4A5C-878C-BAF03451A09E}.Release|Any CPU.ActiveCfg = Release|Any CPU
		{78F25FB9-36C8-4A5C-878C-BAF03451A09E}.Release|Any CPU.Build.0 = Release|Any CPU
	EndGlobalSection
	GlobalSection(SolutionProperties) = preSolution
		HideSolutionNode = FALSE
	EndGlobalSection
	GlobalSection(ExtensibilityGlobals) = postSolution
		SolutionGuid = {37486989-2BA6-48D5-881A-E6277553802C}
	EndGlobalSection
EndGlobal
